
Microsoft Visual Studio Solution File, Format Version 12.00
# Visual Studio Version 17
VisualStudioVersion = 17.10.35122.118
MinimumVisualStudioVersion = 10.0.40219.1
Project("{9A19103F-16F7-4668-BE54-9A1E7A4F7556}") = "Simpolo_Endpoint", "Simpolo_Endpoint.csproj", "{A69694DF-D635-4BA0-A4C1-D5BC8C6E95CC}"
EndProject
Global
	GlobalSection(SolutionConfigurationPlatforms) = preSolution
		Debug|Any CPU = Debug|Any CPU
		Release|Any CPU = Release|Any CPU
	EndGlobalSection
	GlobalSection(ProjectConfigurationPlatforms) = postSolution
		{A69694DF-D635-4BA0-A4C1-D5BC8C6E95CC}.Debug|Any CPU.ActiveCfg = Debug|Any CPU
		{A69694DF-D635-4BA0-A4C1-D5BC8C6E95CC}.Debug|Any CPU.Build.0 = Debug|Any CPU
		{A69694DF-D635-4BA0-A4C1-D5BC8C6E95CC}.Release|Any CPU.ActiveCfg = Release|Any CPU
		{A69694DF-D635-4BA0-A4C1-D5BC8C6E95CC}.Release|Any CPU.Build.0 = Release|Any CPU
	EndGlobalSection
	GlobalSection(SolutionProperties) = preSolution
		HideSolutionNode = FALSE
	EndGlobalSection
	GlobalSection(ExtensibilityGlobals) = postSolution
		SolutionGuid = {ADC9B307-EA84-41DE-98CA-41C52BCD923C}
	EndGlobalSection
EndGlobal
